{
  "requires": true,
  "lockfileVersion": 1,
  "dependencies": {
    "hyper-monokai-deluxe": {
      "version": "1.0.5",
      "resolved": "https://registry.npmjs.org/hyper-monokai-deluxe/-/hyper-monokai-deluxe-1.0.5.tgz",
      "integrity": "sha512-LCptrdbauvg83yjRWEyT18Bilb1f5y2WVc0+FukiTQgkP/w2MrzFuNyauPrtB32j3Bg4KRlawrG9As2E285nEQ=="
    }
  }
}
